
Microsoft Visual Studio Solution File, Format Version 12.00
# Visual Studio 15
VisualStudioVersion = 15.0.26730.16
MinimumVisualStudioVersion = 10.0.40219.1
Project("{FAE04EC0-301F-11D3-BF4B-00C04F79EFBC}") = "ConsoleApp1", "ConsoleApp1\ConsoleApp1.csproj", "{C12CD38D-22DA-4D7F-9013-4BA945AF11ED}"
EndProject
Global
	GlobalSection(SolutionConfigurationPlatforms) = preSolution
		Debug|Any CPU = Debug|Any CPU
		Release|Any CPU = Release|Any CPU
	EndGlobalSection
	GlobalSection(ProjectConfigurationPlatforms) = postSolution
		{C12CD38D-22DA-4D7F-9013-4BA945AF11ED}.Debug|Any CPU.ActiveCfg = Debug|Any CPU
		{C12CD38D-22DA-4D7F-9013-4BA945AF11ED}.Debug|Any CPU.Build.0 = Debug|Any CPU
		{C12CD38D-22DA-4D7F-9013-4BA945AF11ED}.Release|Any CPU.ActiveCfg = Release|Any CPU
		{C12CD38D-22DA-4D7F-9013-4BA945AF11ED}.Release|Any CPU.Build.0 = Release|Any CPU
	EndGlobalSection
	GlobalSection(SolutionProperties) = preSolution
		HideSolutionNode = FALSE
	EndGlobalSection
	GlobalSection(ExtensibilityGlobals) = postSolution
		SolutionGuid = {EE9F5529-4508-4AB6-B16F-B6689CA20253}
	EndGlobalSection
EndGlobal
